
Microsoft Visual Studio Solution File, Format Version 12.00
# Visual Studio Version 17
VisualStudioVersion = 17.8.34511.84
MinimumVisualStudioVersion = 10.0.40219.1
Project("{9A19103F-16F7-4668-BE54-9A1E7A4F7556}") = "CW15", "CW15\CW15.csproj", "{F5B2E636-B136-459F-98D5-D81D4BA45D0D}"
EndProject
Global
	GlobalSection(SolutionConfigurationPlatforms) = preSolution
		Debug|Any CPU = Debug|Any CPU
		Release|Any CPU = Release|Any CPU
	EndGlobalSection
	GlobalSection(ProjectConfigurationPlatforms) = postSolution
		{F5B2E636-B136-459F-98D5-D81D4BA45D0D}.Debug|Any CPU.ActiveCfg = Debug|Any CPU
		{F5B2E636-B136-459F-98D5-D81D4BA45D0D}.Debug|Any CPU.Build.0 = Debug|Any CPU
		{F5B2E636-B136-459F-98D5-D81D4BA45D0D}.Release|Any CPU.ActiveCfg = Release|Any CPU
		{F5B2E636-B136-459F-98D5-D81D4BA45D0D}.Release|Any CPU.Build.0 = Release|Any CPU
	EndGlobalSection
	GlobalSection(SolutionProperties) = preSolution
		HideSolutionNode = FALSE
	EndGlobalSection
	GlobalSection(ExtensibilityGlobals) = postSolution
		SolutionGuid = {D70EC655-7BF1-40AA-AE62-01EEEDBD0C3C}
	EndGlobalSection
EndGlobal
